
Microsoft Visual Studio Solution File, Format Version 12.00
# Visual Studio Version 17
VisualStudioVersion = 17.7.34018.315
MinimumVisualStudioVersion = 10.0.40219.1
Project("{FAE04EC0-301F-11D3-BF4B-00C04F79EFBC}") = "TaskOrg", "TaskOrg\TaskOrg.csproj", "{27673D73-ABC1-464E-94F6-DF3386217A89}"
EndProject
Global
	GlobalSection(SolutionConfigurationPlatforms) = preSolution
		Debug|Any CPU = Debug|Any CPU
		Release|Any CPU = Release|Any CPU
	EndGlobalSection
	GlobalSection(ProjectConfigurationPlatforms) = postSolution
		{27673D73-ABC1-464E-94F6-DF3386217A89}.Debug|Any CPU.ActiveCfg = Debug|Any CPU
		{27673D73-ABC1-464E-94F6-DF3386217A89}.Debug|Any CPU.Build.0 = Debug|Any CPU
		{27673D73-ABC1-464E-94F6-DF3386217A89}.Release|Any CPU.ActiveCfg = Release|Any CPU
		{27673D73-ABC1-464E-94F6-DF3386217A89}.Release|Any CPU.Build.0 = Release|Any CPU
	EndGlobalSection
	GlobalSection(SolutionProperties) = preSolution
		HideSolutionNode = FALSE
	EndGlobalSection
	GlobalSection(ExtensibilityGlobals) = postSolution
		SolutionGuid = {87A298D6-8A60-4CEF-94BA-22914E466060}
	EndGlobalSection
EndGlobal
